
Microsoft Visual Studio Solution File, Format Version 12.00
# 
VisualStudioVersion = 17.5.002.0
MinimumVisualStudioVersion = 
Project("{FAE04EC0-301F-11D3-BF4B-00C04F79EFBC}") = "CSharpNewFeatures", "CSharpNewFeatures\CSharpNewFeatures.csproj", "{74EA7C37-E85E-4916-85BC-303DAE90AA2F}"
EndProject
Project("{2150E333-8FDC-42A3-9474-1A3956D46DE8}") = "Docs", "Docs", "{CE487A4B-D87E-48C7-BC3C-DE063E40973C}"
	ProjectSection(SolutionItems) = preProject
		..\Docs\.DS_Store = ..\Docs\.DS_Store
	EndProjectSection
EndProject
Project("{FAE04EC0-301F-11D3-BF4B-00C04F79EFBC}") = "ValueTaskBenchmark", "ValueTaskBenchmark\ValueTaskBenchmark.csproj", "{18C5A65B-D314-4A67-B61D-8034F249FB17}"
EndProject
Project("{FAE04EC0-301F-11D3-BF4B-00C04F79EFBC}") = "RawStringLiterals", "RawStringLiterals\RawStringLiterals.csproj", "{D0DF2824-C324-4D11-8DA9-52E427CA5133}"
EndProject
Project("{2150E333-8FDC-42A3-9474-1A3956D46DE8}") = "CSharp3", "CSharp3", "{01B46292-CFED-4A37-8B7B-0BE780265B88}"
	ProjectSection(SolutionItems) = preProject
		Docs\CSharp3\AnonymousTypes.md = Docs\CSharp3\AnonymousTypes.md
	EndProjectSection
EndProject
Project("{2150E333-8FDC-42A3-9474-1A3956D46DE8}") = "CSharp7", "CSharp7", "{BD824603-9CEA-456C-B4B2-D144C859641F}"
	ProjectSection(SolutionItems) = preProject
		Docs\CSharp7\Discards.md = Docs\CSharp7\Discards.md
		Docs\CSharp7\ValueTask.md = Docs\CSharp7\ValueTask.md
		Docs\CSharp7\ExpressionBodiedMembers.md = Docs\CSharp7\ExpressionBodiedMembers.md
	EndProjectSection
EndProject
Project("{2150E333-8FDC-42A3-9474-1A3956D46DE8}") = "CSharp9", "CSharp9", "{8D01AA0B-D9F7-4E16-95D2-26F569B78D77}"
	ProjectSection(SolutionItems) = preProject
		Docs\CSharp9\Records.md = Docs\CSharp9\Records.md
		Docs\CSharp9\InitSetter.md = Docs\CSharp9\InitSetter.md
	EndProjectSection
EndProject
Project("{2150E333-8FDC-42A3-9474-1A3956D46DE8}") = "CSharp10", "CSharp10", "{2CAFBA73-A2A1-435C-B682-7659FACDA212}"
	ProjectSection(SolutionItems) = preProject
		Docs\CSharp10\RecordStructs.md = Docs\CSharp10\RecordStructs.md
		Docs\CSharp10\FileScopedNamespace.md = Docs\CSharp10\FileScopedNamespace.md
		Docs\CSharp10\ImplicitUsingDirective.md = Docs\CSharp10\ImplicitUsingDirective.md
	EndProjectSection
EndProject
Project("{2150E333-8FDC-42A3-9474-1A3956D46DE8}") = "CSharp11", "CSharp11", "{48D42D0C-0B9A-4B7B-A4AC-D3F972D67540}"
	ProjectSection(SolutionItems) = preProject
		Docs\CSharp11\Required.md = Docs\CSharp11\Required.md
		Docs\CSharp11\RawStringLiterals.md = Docs\CSharp11\RawStringLiterals.md
	EndProjectSection
EndProject
Project("{2150E333-8FDC-42A3-9474-1A3956D46DE8}") = "CSharp12", "CSharp12", "{F83101F2-E751-4936-9DEA-8F130F6779F0}"
	ProjectSection(SolutionItems) = preProject
		Docs\CSharp12\PrimaryConstructors.md = Docs\CSharp12\PrimaryConstructors.md
		Docs\CSharp12\CollectionExpressions.md = Docs\CSharp12\CollectionExpressions.md
	EndProjectSection
EndProject
Project("{2150E333-8FDC-42A3-9474-1A3956D46DE8}") = "DotNet8", "DotNet8", "{4903D7AF-450D-4150-8D86-DA6B08E4C4D6}"
	ProjectSection(SolutionItems) = preProject
		Docs\DotNet8\Aspire.md = Docs\DotNet8\Aspire.md
		Docs\DotNet8\SystemRandom.md = Docs\DotNet8\SystemRandom.md
	EndProjectSection
EndProject
Project("{FAE04EC0-301F-11D3-BF4B-00C04F79EFBC}") = "FluentAssertionBenchmark", "FluentAssertionBenchmark\FluentAssertionBenchmark.csproj", "{B0C17E82-2636-4410-A9E2-C89A14DDC99B}"
EndProject
Project("{FAE04EC0-301F-11D3-BF4B-00C04F79EFBC}") = "CollectionsComparison", "CollectionsComparison\CollectionsComparison.csproj", "{3C5B1819-C15E-4622-9D48-B74462660808}"
EndProject
Project("{FAE04EC0-301F-11D3-BF4B-00C04F79EFBC}") = "MatrixTest", "MatrixTest\MatrixTest.csproj", "{C16C4BF7-4A06-477C-95F1-76BA258868CC}"
EndProject
Project("{2150E333-8FDC-42A3-9474-1A3956D46DE8}") = "Others", "Others", "{F4389F12-8BE8-411A-9D97-FB2036139F53}"
EndProject
Project("{FAE04EC0-301F-11D3-BF4B-00C04F79EFBC}") = "YieldReturnBenchmark", "YieldReturnBenchmark\YieldReturnBenchmark.csproj", "{A4DB2936-66D8-45F7-AD1F-43F75C96E82B}"
EndProject
Project("{FAE04EC0-301F-11D3-BF4B-00C04F79EFBC}") = "Iterator", "Iterator\Iterator.csproj", "{B8A55856-83DE-4137-9396-086CE537E11C}"
EndProject
Global
	GlobalSection(SolutionConfigurationPlatforms) = preSolution
		Debug|Any CPU = Debug|Any CPU
		Release|Any CPU = Release|Any CPU
	EndGlobalSection
	GlobalSection(ProjectConfigurationPlatforms) = postSolution
		{74EA7C37-E85E-4916-85BC-303DAE90AA2F}.Debug|Any CPU.ActiveCfg = Debug|Any CPU
		{74EA7C37-E85E-4916-85BC-303DAE90AA2F}.Debug|Any CPU.Build.0 = Debug|Any CPU
		{74EA7C37-E85E-4916-85BC-303DAE90AA2F}.Release|Any CPU.ActiveCfg = Release|Any CPU
		{74EA7C37-E85E-4916-85BC-303DAE90AA2F}.Release|Any CPU.Build.0 = Release|Any CPU
		{18C5A65B-D314-4A67-B61D-8034F249FB17}.Debug|Any CPU.ActiveCfg = Debug|Any CPU
		{18C5A65B-D314-4A67-B61D-8034F249FB17}.Debug|Any CPU.Build.0 = Debug|Any CPU
		{18C5A65B-D314-4A67-B61D-8034F249FB17}.Release|Any CPU.ActiveCfg = Release|Any CPU
		{18C5A65B-D314-4A67-B61D-8034F249FB17}.Release|Any CPU.Build.0 = Release|Any CPU
		{D0DF2824-C324-4D11-8DA9-52E427CA5133}.Debug|Any CPU.ActiveCfg = Debug|Any CPU
		{D0DF2824-C324-4D11-8DA9-52E427CA5133}.Debug|Any CPU.Build.0 = Debug|Any CPU
		{D0DF2824-C324-4D11-8DA9-52E427CA5133}.Release|Any CPU.ActiveCfg = Release|Any CPU
		{D0DF2824-C324-4D11-8DA9-52E427CA5133}.Release|Any CPU.Build.0 = Release|Any CPU
		{B0C17E82-2636-4410-A9E2-C89A14DDC99B}.Debug|Any CPU.ActiveCfg = Debug|Any CPU
		{B0C17E82-2636-4410-A9E2-C89A14DDC99B}.Debug|Any CPU.Build.0 = Debug|Any CPU
		{B0C17E82-2636-4410-A9E2-C89A14DDC99B}.Release|Any CPU.ActiveCfg = Release|Any CPU
		{B0C17E82-2636-4410-A9E2-C89A14DDC99B}.Release|Any CPU.Build.0 = Release|Any CPU
		{3C5B1819-C15E-4622-9D48-B74462660808}.Debug|Any CPU.ActiveCfg = Debug|Any CPU
		{3C5B1819-C15E-4622-9D48-B74462660808}.Debug|Any CPU.Build.0 = Debug|Any CPU
		{3C5B1819-C15E-4622-9D48-B74462660808}.Release|Any CPU.ActiveCfg = Release|Any CPU
		{3C5B1819-C15E-4622-9D48-B74462660808}.Release|Any CPU.Build.0 = Release|Any CPU
		{C16C4BF7-4A06-477C-95F1-76BA258868CC}.Debug|Any CPU.ActiveCfg = Debug|Any CPU
		{C16C4BF7-4A06-477C-95F1-76BA258868CC}.Debug|Any CPU.Build.0 = Debug|Any CPU
		{C16C4BF7-4A06-477C-95F1-76BA258868CC}.Release|Any CPU.ActiveCfg = Release|Any CPU
		{C16C4BF7-4A06-477C-95F1-76BA258868CC}.Release|Any CPU.Build.0 = Release|Any CPU
		{A4DB2936-66D8-45F7-AD1F-43F75C96E82B}.Debug|Any CPU.ActiveCfg = Debug|Any CPU
		{A4DB2936-66D8-45F7-AD1F-43F75C96E82B}.Debug|Any CPU.Build.0 = Debug|Any CPU
		{A4DB2936-66D8-45F7-AD1F-43F75C96E82B}.Release|Any CPU.ActiveCfg = Release|Any CPU
		{A4DB2936-66D8-45F7-AD1F-43F75C96E82B}.Release|Any CPU.Build.0 = Release|Any CPU
		{B8A55856-83DE-4137-9396-086CE537E11C}.Debug|Any CPU.ActiveCfg = Debug|Any CPU
		{B8A55856-83DE-4137-9396-086CE537E11C}.Debug|Any CPU.Build.0 = Debug|Any CPU
		{B8A55856-83DE-4137-9396-086CE537E11C}.Release|Any CPU.ActiveCfg = Release|Any CPU
		{B8A55856-83DE-4137-9396-086CE537E11C}.Release|Any CPU.Build.0 = Release|Any CPU
	EndGlobalSection
	GlobalSection(SolutionProperties) = preSolution
		HideSolutionNode = FALSE
	EndGlobalSection
	GlobalSection(NestedProjects) = preSolution
		{01B46292-CFED-4A37-8B7B-0BE780265B88} = {CE487A4B-D87E-48C7-BC3C-DE063E40973C}
		{BD824603-9CEA-456C-B4B2-D144C859641F} = {CE487A4B-D87E-48C7-BC3C-DE063E40973C}
		{8D01AA0B-D9F7-4E16-95D2-26F569B78D77} = {CE487A4B-D87E-48C7-BC3C-DE063E40973C}
		{2CAFBA73-A2A1-435C-B682-7659FACDA212} = {CE487A4B-D87E-48C7-BC3C-DE063E40973C}
		{48D42D0C-0B9A-4B7B-A4AC-D3F972D67540} = {CE487A4B-D87E-48C7-BC3C-DE063E40973C}
		{F83101F2-E751-4936-9DEA-8F130F6779F0} = {CE487A4B-D87E-48C7-BC3C-DE063E40973C}
		{4903D7AF-450D-4150-8D86-DA6B08E4C4D6} = {CE487A4B-D87E-48C7-BC3C-DE063E40973C}
		{F4389F12-8BE8-411A-9D97-FB2036139F53} = {CE487A4B-D87E-48C7-BC3C-DE063E40973C}
	EndGlobalSection
EndGlobal
